// !$*UTF8*$!
{
	archiveVersion = 1;
	classes = {
	};
	objectVersion = 56;
	objects = {

/* Begin PBXBuildFile section */
		30F4A2E6298B392C006DA036 /* AppDelegate.swift in Sources */ = {isa = PBXBuildFile; fileRef = 30F4A2E5298B392C006DA036 /* AppDelegate.swift */; };
		30F4A2E8298B392C006DA036 /* Level-1.sks in Resources */ = {isa = PBXBuildFile; fileRef = 30F4A2E7298B392C006DA036 /* Level-1.sks */; };
		30F4A2EC298B392C006DA036 /* GameScene.swift in Sources */ = {isa = PBXBuildFile; fileRef = 30F4A2EB298B392C006DA036 /* GameScene.swift */; };
		30F4A2EE298B392C006DA036 /* GameViewController.swift in Sources */ = {isa = PBXBuildFile; fileRef = 30F4A2ED298B392C006DA036 /* GameViewController.swift */; };
		30F4A2F1298B392C006DA036 /* Main.storyboard in Resources */ = {isa = PBXBuildFile; fileRef = 30F4A2EF298B392C006DA036 /* Main.storyboard */; };
		30F4A2F3298B392D006DA036 /* Assets.xcassets in Resources */ = {isa = PBXBuildFile; fileRef = 30F4A2F2298B392D006DA036 /* Assets.xcassets */; };
		30F4A2F6298B392D006DA036 /* LaunchScreen.storyboard in Resources */ = {isa = PBXBuildFile; fileRef = 30F4A2F4298B392D006DA036 /* LaunchScreen.storyboard */; };
		30F4A2FF298B3DFA006DA036 /* Smashing-Things.atlas in Resources */ = {isa = PBXBuildFile; fileRef = 30F4A2FE298B3DFA006DA036 /* Smashing-Things.atlas */; };
		30F4A301298B4413006DA036 /* Orange.swift in Sources */ = {isa = PBXBuildFile; fileRef = 30F4A300298B4413006DA036 /* Orange.swift */; };
		30F4A303299AA3AC006DA036 /* Level-2.sks in Resources */ = {isa = PBXBuildFile; fileRef = 30F4A302299AA3AC006DA036 /* Level-2.sks */; };
		30F4A305299AA8F7006DA036 /* Explosion.sks in Resources */ = {isa = PBXBuildFile; fileRef = 30F4A304299AA8F7006DA036 /* Explosion.sks */; };
		30F4A307299AAFE6006DA036 /* Level-3.sks in Resources */ = {isa = PBXBuildFile; fileRef = 30F4A306299AAFE6006DA036 /* Level-3.sks */; };
/* End PBXBuildFile section */

/* Begin PBXFileReference section */
		30F4A2E2298B392C006DA036 /* Orange Tree.app */ = {isa = PBXFileReference; explicitFileType = wrapper.application; includeInIndex = 0; path = "Orange Tree.app"; sourceTree = BUILT_PRODUCTS_DIR; };
		30F4A2E5298B392C006DA036 /* AppDelegate.swift */ = {isa = PBXFileReference; lastKnownFileType = sourcecode.swift; path = AppDelegate.swift; sourceTree = "<group>"; };
		30F4A2E7298B392C006DA036 /* Level-1.sks */ = {isa = PBXFileReference; lastKnownFileType = file.sks; path = "Level-1.sks"; sourceTree = "<group>"; };
		30F4A2EB298B392C006DA036 /* GameScene.swift */ = {isa = PBXFileReference; lastKnownFileType = sourcecode.swift; path = GameScene.swift; sourceTree = "<group>"; };
		30F4A2ED298B392C006DA036 /* GameViewController.swift */ = {isa = PBXFileReference; lastKnownFileType = sourcecode.swift; path = GameViewController.swift; sourceTree = "<group>"; };
		30F4A2F0298B392C006DA036 /* Base */ = {isa = PBXFileReference; lastKnownFileType = file.storyboard; name = Base; path = Base.lproj/Main.storyboard; sourceTree = "<group>"; };
		30F4A2F2298B392D006DA036 /* Assets.xcassets */ = {isa = PBXFileReference; lastKnownFileType = folder.assetcatalog; path = Assets.xcassets; sourceTree = "<group>"; };
		30F4A2F5298B392D006DA036 /* Base */ = {isa = PBXFileReference; lastKnownFileType = file.storyboard; name = Base; path = Base.lproj/LaunchScreen.storyboard; sourceTree = "<group>"; };
		30F4A2FE298B3DFA006DA036 /* Smashing-Things.atlas */ = {isa = PBXFileReference; lastKnownFileType = folder.skatlas; path = "Smashing-Things.atlas"; sourceTree = "<group>"; };
		30F4A300298B4413006DA036 /* Orange.swift */ = {isa = PBXFileReference; lastKnownFileType = sourcecode.swift; path = Orange.swift; sourceTree = "<group>"; };
		30F4A302299AA3AC006DA036 /* Level-2.sks */ = {isa = PBXFileReference; lastKnownFileType = file.sks; path = "Level-2.sks"; sourceTree = "<group>"; };
		30F4A304299AA8F7006DA036 /* Explosion.sks */ = {isa = PBXFileReference; lastKnownFileType = file.sks; path = Explosion.sks; sourceTree = "<group>"; };
		30F4A306299AAFE6006DA036 /* Level-3.sks */ = {isa = PBXFileReference; lastKnownFileType = file.sks; path = "Level-3.sks"; sourceTree = "<group>"; };
/* End PBXFileReference section */

/* Begin PBXFrameworksBuildPhase section */
		30F4A2DF298B392C006DA036 /* Frameworks */ = {
			isa = PBXFrameworksBuildPhase;
			buildActionMask = 2147483647;
			files = (
			);
			runOnlyForDeploymentPostprocessing = 0;
		};
/* End PBXFrameworksBuildPhase section */

/* Begin PBXGroup section */
		30F4A2D9298B392C006DA036 = {
			isa = PBXGroup;
			children = (
				30F4A2E4298B392C006DA036 /* Orange Tree */,
				30F4A2E3298B392C006DA036 /* Products */,
			);
			sourceTree = "<group>";
		};
		30F4A2E3298B392C006DA036 /* Products */ = {
			isa = PBXGroup;
			children = (
				30F4A2E2298B392C006DA036 /* Orange Tree.app */,
			);
			name = Products;
			sourceTree = "<group>";
		};
		30F4A2E4298B392C006DA036 /* Orange Tree */ = {
			isa = PBXGroup;
			children = (
				30F4A2E5298B392C006DA036 /* AppDelegate.swift */,
				30F4A2E7298B392C006DA036 /* Level-1.sks */,
				30F4A302299AA3AC006DA036 /* Level-2.sks */,
				30F4A306299AAFE6006DA036 /* Level-3.sks */,
				30F4A304299AA8F7006DA036 /* Explosion.sks */,
				30F4A2EB298B392C006DA036 /* GameScene.swift */,
				30F4A2ED298B392C006DA036 /* GameViewController.swift */,
				30F4A2EF298B392C006DA036 /* Main.storyboard */,
				30F4A300298B4413006DA036 /* Orange.swift */,
				30F4A2F2298B392D006DA036 /* Assets.xcassets */,
				30F4A2F4298B392D006DA036 /* LaunchScreen.storyboard */,
				30F4A2FE298B3DFA006DA036 /* Smashing-Things.atlas */,
			);
			path = "Orange Tree";
			sourceTree = "<group>";
		};
/* End PBXGroup section */

/* Begin PBXNativeTarget section */
		30F4A2E1298B392C006DA036 /* Orange Tree */ = {
			isa = PBXNativeTarget;
			buildConfigurationList = 30F4A2F9298B392D006DA036 /* Build configuration list for PBXNativeTarget "Orange Tree" */;
			buildPhases = (
				30F4A2DE298B392C006DA036 /* Sources */,
				30F4A2DF298B392C006DA036 /* Frameworks */,
				30F4A2E0298B392C006DA036 /* Resources */,
			);
			buildRules = (
			);
			dependencies = (
			);
			name = "Orange Tree";
			productName = "Orange Tree";
			productReference = 30F4A2E2298B392C006DA036 /* Orange Tree.app */;
			productType = "com.apple.product-type.application";
		};
/* End PBXNativeTarget section */

/* Begin PBXProject section */
		30F4A2DA298B392C006DA036 /* Project object */ = {
			isa = PBXProject;
			attributes = {
				BuildIndependentTargetsInParallel = 1;
				LastSwiftUpdateCheck = 1420;
				LastUpgradeCheck = 1420;
				TargetAttributes = {
					30F4A2E1298B392C006DA036 = {
						CreatedOnToolsVersion = 14.2;
					};
				};
			};
			buildConfigurationList = 30F4A2DD298B392C006DA036 /* Build configuration list for PBXProject "Orange Tree" */;
			compatibilityVersion = "Xcode 14.0";
			developmentRegion = en;
			hasScannedForEncodings = 0;
			knownRegions = (
				en,
				Base,
			);
			mainGroup = 30F4A2D9298B392C006DA036;
			productRefGroup = 30F4A2E3298B392C006DA036 /* Products */;
			projectDirPath = "";
			projectRoot = "";
			targets = (
				30F4A2E1298B392C006DA036 /* Orange Tree */,
			);
		};
/* End PBXProject section */

/* Begin PBXResourcesBuildPhase section */
		30F4A2E0298B392C006DA036 /* Resources */ = {
			isa = PBXResourcesBuildPhase;
			buildActionMask = 2147483647;
			files = (
				30F4A2F1298B392C006DA036 /* Main.storyboard in Resources */,
				30F4A2E8298B392C006DA036 /* Level-1.sks in Resources */,
				30F4A307299AAFE6006DA036 /* Level-3.sks in Resources */,
				30F4A2F3298B392D006DA036 /* Assets.xcassets in Resources */,
				30F4A303299AA3AC006DA036 /* Level-2.sks in Resources */,
				30F4A2FF298B3DFA006DA036 /* Smashing-Things.atlas in Resources */,
				30F4A305299AA8F7006DA036 /* Explosion.sks in Resources */,
				30F4A2F6298B392D006DA036 /* LaunchScreen.storyboard in Resources */,
			);
			runOnlyForDeploymentPostprocessing = 0;
		};
/* End PBXResourcesBuildPhase section */

/* Begin PBXSourcesBuildPhase section */
		30F4A2DE298B392C006DA036 /* Sources */ = {
			isa = PBXSourcesBuildPhase;
			buildActionMask = 2147483647;
			files = (
				30F4A2EC298B392C006DA036 /* GameScene.swift in Sources */,
				30F4A2EE298B392C006DA036 /* GameViewController.swift in Sources */,
				30F4A2E6298B392C006DA036 /* AppDelegate.swift in Sources */,
				30F4A301298B4413006DA036 /* Orange.swift in Sources */,
			);
			runOnlyForDeploymentPostprocessing = 0;
		};
/* End PBXSourcesBuildPhase section */

/* Begin PBXVariantGroup section */
		30F4A2EF298B392C006DA036 /* Main.storyboard */ = {
			isa = PBXVariantGroup;
			children = (
				30F4A2F0298B392C006DA036 /* Base */,
			);
			name = Main.storyboard;
			sourceTree = "<group>";
		};
		30F4A2F4298B392D006DA036 /* LaunchScreen.storyboard */ = {
			isa = PBXVariantGroup;
			children = (
				30F4A2F5298B392D006DA036 /* Base */,
			);
			name = LaunchScreen.storyboard;
			sourceTree = "<group>";
		};
/* End PBXVariantGroup section */

/* Begin XCBuildConfiguration section */
		30F4A2F7298B392D006DA036 /* Debug */ = {
			isa = XCBuildConfiguration;
			buildSettings = {
				ALWAYS_SEARCH_USER_PATHS = NO;
				CLANG_ANALYZER_NONNULL = YES;
				CLANG_ANALYZER_NUMBER_OBJECT_CONVERSION = YES_AGGRESSIVE;
				CLANG_CXX_LANGUAGE_STANDARD = "gnu++20";
				CLANG_ENABLE_MODULES = YES;
				CLANG_ENABLE_OBJC_ARC = YES;
				CLANG_ENABLE_OBJC_WEAK = YES;
				CLANG_WARN_BLOCK_CAPTURE_AUTORELEASING = YES;
				CLANG_WARN_BOOL_CONVERSION = YES;
				CLANG_WARN_COMMA = YES;
				CLANG_WARN_CONSTANT_CONVERSION = YES;
				CLANG_WARN_DEPRECATED_OBJC_IMPLEMENTATIONS = YES;
				CLANG_WARN_DIRECT_OBJC_ISA_USAGE = YES_ERROR;
				CLANG_WARN_DOCUMENTATION_COMMENTS = YES;
				CLANG_WARN_EMPTY_BODY = YES;
				CLANG_WARN_ENUM_CONVERSION = YES;
				CLANG_WARN_INFINITE_RECURSION = YES;
				CLANG_WARN_INT_CONVERSION = YES;
				CLANG_WARN_NON_LITERAL_NULL_CONVERSION = YES;
				CLANG_WARN_OBJC_IMPLICIT_RETAIN_SELF = YES;
				CLANG_WARN_OBJC_LITERAL_CONVERSION = YES;
				CLANG_WARN_OBJC_ROOT_CLASS = YES_ERROR;
				CLANG_WARN_QUOTED_INCLUDE_IN_FRAMEWORK_HEADER = YES;
				CLANG_WARN_RANGE_LOOP_ANALYSIS = YES;
				CLANG_WARN_STRICT_PROTOTYPES = YES;
				CLANG_WARN_SUSPICIOUS_MOVE = YES;
				CLANG_WARN_UNGUARDED_AVAILABILITY = YES_AGGRESSIVE;
				CLANG_WARN_UNREACHABLE_CODE = YES;
				CLANG_WARN__DUPLICATE_METHOD_MATCH = YES;
				COPY_PHASE_STRIP = NO;
				DEBUG_INFORMATION_FORMAT = dwarf;
				ENABLE_STRICT_OBJC_MSGSEND = YES;
				ENABLE_TESTABILITY = YES;
				GCC_C_LANGUAGE_STANDARD = gnu11;
				GCC_DYNAMIC_NO_PIC = NO;
				GCC_NO_COMMON_BLOCKS = YES;
				GCC_OPTIMIZATION_LEVEL = 0;
				GCC_PREPROCESSOR_DEFINITIONS = (
					"DEBUG=1",
					"$(inherited)",
				);
				GCC_WARN_64_TO_32_BIT_CONVERSION = YES;
				GCC_WARN_ABOUT_RETURN_TYPE = YES_ERROR;
				GCC_WARN_UNDECLARED_SELECTOR = YES;
				GCC_WARN_UNINITIALIZED_AUTOS = YES_AGGRESSIVE;
				GCC_WARN_UNUSED_FUNCTION = YES;
				GCC_WARN_UNUSED_VARIABLE = YES;
				IPHONEOS_DEPLOYMENT_TARGET = 16.2;
				MTL_ENABLE_DEBUG_INFO = INCLUDE_SOURCE;
				MTL_FAST_MATH = YES;
				ONLY_ACTIVE_ARCH = YES;
				SDKROOT = iphoneos;
				SWIFT_ACTIVE_COMPILATION_CONDITIONS = DEBUG;
				SWIFT_OPTIMIZATION_LEVEL = "-Onone";
			};
			name = Debug;
		};
		30F4A2F8298B392D006DA036 /* Release */ = {
			isa = XCBuildConfiguration;
			buildSettings = {
				ALWAYS_SEARCH_USER_PATHS = NO;
				CLANG_ANALYZER_NONNULL = YES;
				CLANG_ANALYZER_NUMBER_OBJECT_CONVERSION = YES_AGGRESSIVE;
				CLANG_CXX_LANGUAGE_STANDARD = "gnu++20";
				CLANG_ENABLE_MODULES = YES;
				CLANG_ENABLE_OBJC_ARC = YES;
				CLANG_ENABLE_OBJC_WEAK = YES;
				CLANG_WARN_BLOCK_CAPTURE_AUTORELEASING = YES;
				CLANG_WARN_BOOL_CONVERSION = YES;
				CLANG_WARN_COMMA = YES;
				CLANG_WARN_CONSTANT_CONVERSION = YES;
				CLANG_WARN_DEPRECATED_OBJC_IMPLEMENTATIONS = YES;
				CLANG_WARN_DIRECT_OBJC_ISA_USAGE = YES_ERROR;
				CLANG_WARN_DOCUMENTATION_COMMENTS = YES;
				CLANG_WARN_EMPTY_BODY = YES;
				CLANG_WARN_ENUM_CONVERSION = YES;
				CLANG_WARN_INFINITE_RECURSION = YES;
				CLANG_WARN_INT_CONVERSION = YES;
				CLANG_WARN_NON_LITERAL_NULL_CONVERSION = YES;
				CLANG_WARN_OBJC_IMPLICIT_RETAIN_SELF = YES;
				CLANG_WARN_OBJC_LITERAL_CONVERSION = YES;
				CLANG_WARN_OBJC_ROOT_CLASS = YES_ERROR;
				CLANG_WARN_QUOTED_INCLUDE_IN_FRAMEWORK_HEADER = YES;
				CLANG_WARN_RANGE_LOOP_ANALYSIS = YES;
				CLANG_WARN_STRICT_PROTOTYPES = YES;
				CLANG_WARN_SUSPICIOUS_MOVE = YES;
				CLANG_WARN_UNGUARDED_AVAILABILITY = YES_AGGRESSIVE;
				CLANG_WARN_UNREACHABLE_CODE = YES;
				CLANG_WARN__DUPLICATE_METHOD_MATCH = YES;
				COPY_PHASE_STRIP = NO;
				DEBUG_INFORMATION_FORMAT = "dwarf-with-dsym";
				ENABLE_NS_ASSERTIONS = NO;
				ENABLE_STRICT_OBJC_MSGSEND = YES;
				GCC_C_LANGUAGE_STANDARD = gnu11;
				GCC_NO_COMMON_BLOCKS = YES;
				GCC_WARN_64_TO_32_BIT_CONVERSION = YES;
				GCC_WARN_ABOUT_RETURN_TYPE = YES_ERROR;
				GCC_WARN_UNDECLARED_SELECTOR = YES;
				GCC_WARN_UNINITIALIZED_AUTOS = YES_AGGRESSIVE;
				GCC_WARN_UNUSED_FUNCTION = YES;
				GCC_WARN_UNUSED_VARIABLE = YES;
				IPHONEOS_DEPLOYMENT_TARGET = 16.2;
				MTL_ENABLE_DEBUG_INFO = NO;
				MTL_FAST_MATH = YES;
				SDKROOT = iphoneos;
				SWIFT_COMPILATION_MODE = wholemodule;
				SWIFT_OPTIMIZATION_LEVEL = "-O";
				VALIDATE_PRODUCT = YES;
			};
			name = Release;
		};
		30F4A2FA298B392D006DA036 /* Debug */ = {
			isa = XCBuildConfiguration;
			buildSettings = {
				ASSETCATALOG_COMPILER_APPICON_NAME = AppIcon;
				ASSETCATALOG_COMPILER_GLOBAL_ACCENT_COLOR_NAME = AccentColor;
				CODE_SIGN_STYLE = Automatic;
				CURRENT_PROJECT_VERSION = 1;
				GENERATE_INFOPLIST_FILE = YES;
				INFOPLIST_KEY_UIApplicationSupportsIndirectInputEvents = YES;
				INFOPLIST_KEY_UILaunchStoryboardName = LaunchScreen;
				INFOPLIST_KEY_UIMainStoryboardFile = Main;
				INFOPLIST_KEY_UIStatusBarHidden = YES;
				INFOPLIST_KEY_UISupportedInterfaceOrientations = "UIInterfaceOrientationLandscapeLeft UIInterfaceOrientationLandscapeRight";
				LD_RUNPATH_SEARCH_PATHS = (
					"$(inherited)",
					"@executable_path/Frameworks",
				);
				MARKETING_VERSION = 1.0;
				PRODUCT_BUNDLE_IDENTIFIER = "aliciag13.Orange-Tree";
				PRODUCT_NAME = "$(TARGET_NAME)";
				SWIFT_EMIT_LOC_STRINGS = YES;
				SWIFT_VERSION = 5.0;
				TARGETED_DEVICE_FAMILY = "1,2";
			};
			name = Debug;
		};
		30F4A2FB298B392D006DA036 /* Release */ = {
			isa = XCBuildConfiguration;
			buildSettings = {
				ASSETCATALOG_COMPILER_APPICON_NAME = AppIcon;
				ASSETCATALOG_COMPILER_GLOBAL_ACCENT_COLOR_NAME = AccentColor;
				CODE_SIGN_STYLE = Automatic;
				CURRENT_PROJECT_VERSION = 1;
				GENERATE_INFOPLIST_FILE = YES;
				INFOPLIST_KEY_UIApplicationSupportsIndirectInputEvents = YES;
				INFOPLIST_KEY_UILaunchStoryboardName = LaunchScreen;
				INFOPLIST_KEY_UIMainStoryboardFile = Main;
				INFOPLIST_KEY_UIStatusBarHidden = YES;
				INFOPLIST_KEY_UISupportedInterfaceOrientations = "UIInterfaceOrientationLandscapeLeft UIInterfaceOrientationLandscapeRight";
				LD_RUNPATH_SEARCH_PATHS = (
					"$(inherited)",
					"@executable_path/Frameworks",
				);
				MARKETING_VERSION = 1.0;
				PRODUCT_BUNDLE_IDENTIFIER = "aliciag13.Orange-Tree";
				PRODUCT_NAME = "$(TARGET_NAME)";
				SWIFT_EMIT_LOC_STRINGS = YES;
				SWIFT_VERSION = 5.0;
				TARGETED_DEVICE_FAMILY = "1,2";
			};
			name = Release;
		};
/* End XCBuildConfiguration section */

/* Begin XCConfigurationList section */
		30F4A2DD298B392C006DA036 /* Build configuration list for PBXProject "Orange Tree" */ = {
			isa = XCConfigurationList;
			buildConfigurations = (
				30F4A2F7298B392D006DA036 /* Debug */,
				30F4A2F8298B392D006DA036 /* Release */,
			);
			defaultConfigurationIsVisible = 0;
			defaultConfigurationName = Release;
		};
		30F4A2F9298B392D006DA036 /* Build configuration list for PBXNativeTarget "Orange Tree" */ = {
			isa = XCConfigurationList;
			buildConfigurations = (
				30F4A2FA298B392D006DA036 /* Debug */,
				30F4A2FB298B392D006DA036 /* Release */,
			);
			defaultConfigurationIsVisible = 0;
			defaultConfigurationName = Release;
		};
/* End XCConfigurationList section */
	};
	rootObject = 30F4A2DA298B392C006DA036 /* Project object */;
}
